
Microsoft Visual Studio Solution File, Format Version 12.00
# Visual Studio Version 17
VisualStudioVersion = 17.11.35327.3
MinimumVisualStudioVersion = 10.0.40219.1
Project("{FAE04EC0-301F-11D3-BF4B-00C04F79EFBC}") = "ConsoleApp_remover_blank_line", "ConsoleApp_remover_blank_line\ConsoleApp_remover_blank_line.csproj", "{A7E31527-829C-49AC-83F9-6EE62C72A511}"
EndProject
Global
	GlobalSection(SolutionConfigurationPlatforms) = preSolution
		Debug|Any CPU = Debug|Any CPU
		Release|Any CPU = Release|Any CPU
	EndGlobalSection
	GlobalSection(ProjectConfigurationPlatforms) = postSolution
		{A7E31527-829C-49AC-83F9-6EE62C72A511}.Debug|Any CPU.ActiveCfg = Debug|Any CPU
		{A7E31527-829C-49AC-83F9-6EE62C72A511}.Debug|Any CPU.Build.0 = Debug|Any CPU
		{A7E31527-829C-49AC-83F9-6EE62C72A511}.Release|Any CPU.ActiveCfg = Release|Any CPU
		{A7E31527-829C-49AC-83F9-6EE62C72A511}.Release|Any CPU.Build.0 = Release|Any CPU
	EndGlobalSection
	GlobalSection(SolutionProperties) = preSolution
		HideSolutionNode = FALSE
	EndGlobalSection
	GlobalSection(ExtensibilityGlobals) = postSolution
		SolutionGuid = {34025587-2FB3-45EC-AD6F-4D5BD3D1DFAF}
	EndGlobalSection
EndGlobal
